
Microsoft Visual Studio Solution File, Format Version 12.00
# Visual Studio Version 17
VisualStudioVersion = 17.14.36414.22
MinimumVisualStudioVersion = 10.0.40219.1
Project("{FAE04EC0-301F-11D3-BF4B-00C04F79EFBC}") = "ETLExport", "ETLExport\ETLExport.csproj", "{080E6593-0F85-498D-953B-C343D4504264}"
EndProject
Project("{FAE04EC0-301F-11D3-BF4B-00C04F79EFBC}") = "ETLDiff", "ETLDiff\ETLDiff.csproj", "{26C56CC1-4571-4CBD-A3C6-4AE418501F1F}"
EndProject
Project("{FAE04EC0-301F-11D3-BF4B-00C04F79EFBC}") = "ETLMerge", "ETLMerge\ETLMerge.csproj", "{59F563F7-8FC8-4FAB-9D48-23194DF6D38E}"
EndProject
Global
	GlobalSection(SolutionConfigurationPlatforms) = preSolution
		Debug|Any CPU = Debug|Any CPU
		Release|Any CPU = Release|Any CPU
	EndGlobalSection
	GlobalSection(ProjectConfigurationPlatforms) = postSolution
		{080E6593-0F85-498D-953B-C343D4504264}.Debug|Any CPU.ActiveCfg = Debug|Any CPU
		{080E6593-0F85-498D-953B-C343D4504264}.Debug|Any CPU.Build.0 = Debug|Any CPU
		{080E6593-0F85-498D-953B-C343D4504264}.Release|Any CPU.ActiveCfg = Release|Any CPU
		{080E6593-0F85-498D-953B-C343D4504264}.Release|Any CPU.Build.0 = Release|Any CPU
		{26C56CC1-4571-4CBD-A3C6-4AE418501F1F}.Debug|Any CPU.ActiveCfg = Debug|Any CPU
		{26C56CC1-4571-4CBD-A3C6-4AE418501F1F}.Debug|Any CPU.Build.0 = Debug|Any CPU
		{26C56CC1-4571-4CBD-A3C6-4AE418501F1F}.Release|Any CPU.ActiveCfg = Release|Any CPU
		{26C56CC1-4571-4CBD-A3C6-4AE418501F1F}.Release|Any CPU.Build.0 = Release|Any CPU
		{59F563F7-8FC8-4FAB-9D48-23194DF6D38E}.Debug|Any CPU.ActiveCfg = Debug|Any CPU
		{59F563F7-8FC8-4FAB-9D48-23194DF6D38E}.Debug|Any CPU.Build.0 = Debug|Any CPU
		{59F563F7-8FC8-4FAB-9D48-23194DF6D38E}.Release|Any CPU.ActiveCfg = Release|Any CPU
		{59F563F7-8FC8-4FAB-9D48-23194DF6D38E}.Release|Any CPU.Build.0 = Release|Any CPU
	EndGlobalSection
	GlobalSection(SolutionProperties) = preSolution
		HideSolutionNode = FALSE
	EndGlobalSection
	GlobalSection(ExtensibilityGlobals) = postSolution
		SolutionGuid = {0E2FE0C5-1EE9-467D-A3FC-A2F85BD225BC}
	EndGlobalSection
EndGlobal
